{
  "requires": true,
  "lockfileVersion": 1,
  "dependencies": {
    "jslib-html5-camera-photo": {
      "version": "3.1.8",
      "resolved": "https://registry.npmjs.org/jslib-html5-camera-photo/-/jslib-html5-camera-photo-3.1.8.tgz",
      "integrity": "sha512-7vBcVyLUnnP37vKzOxzIFtpaS8I8z+XMtyOlNFm+BGW089/Yw1hROsH2MdbIjCDRWfD+DnMC/WCNmW3LO2chrQ=="
    },
    "react-html5-camera-photo": {
      "version": "1.5.5",
      "resolved": "https://registry.npmjs.org/react-html5-camera-photo/-/react-html5-camera-photo-1.5.5.tgz",
      "integrity": "sha512-e6vw0FJjyoxR1nJgV2hXfLKJYBmpg8+GG5KgwPQEsr8IJFgFKUM2xHMEQYorTPchsKvwxzUXJEoOiroxWw9bwA==",
      "requires": {
        "jslib-html5-camera-photo": "3.1.8"
      }
    }
  }
}
